// !$*UTF8*$!
{
	archiveVersion = 1;
	classes = {
	};
	objectVersion = 46;
	objects = {

/* Begin PBXBuildFile section */
		64F079991E346D94005331E0 /* main.m in Sources */ = {isa = PBXBuildFile; fileRef = 64F079981E346D94005331E0 /* main.m */; };
		64F0799C1E346D94005331E0 /* AppDelegate.m in Sources */ = {isa = PBXBuildFile; fileRef = 64F0799B1E346D94005331E0 /* AppDelegate.m */; };
		64F0799F1E346D94005331E0 /* InitialViewController.m in Sources */ = {isa = PBXBuildFile; fileRef = 64F0799E1E346D94005331E0 /* InitialViewController.m */; };
		64F079A21E346D94005331E0 /* Main.storyboard in Resources */ = {isa = PBXBuildFile; fileRef = 64F079A01E346D94005331E0 /* Main.storyboard */; };
		64F079A41E346D94005331E0 /* Assets.xcassets in Resources */ = {isa = PBXBuildFile; fileRef = 64F079A31E346D94005331E0 /* Assets.xcassets */; };
		64F079A71E346D94005331E0 /* LaunchScreen.storyboard in Resources */ = {isa = PBXBuildFile; fileRef = 64F079A51E346D94005331E0 /* LaunchScreen.storyboard */; };
		64F079CD1E347BC1005331E0 /* UIKit+HeroExamples.m in Sources */ = {isa = PBXBuildFile; fileRef = 64F079CC1E347BC1005331E0 /* UIKit+HeroExamples.m */; };
		64F079D71E348029005331E0 /* Basic.storyboard in Resources */ = {isa = PBXBuildFile; fileRef = 64F079D11E348029005331E0 /* Basic.storyboard */; };
		64F079DA1E348029005331E0 /* Menu.storyboard in Resources */ = {isa = PBXBuildFile; fileRef = 64F079D31E348029005331E0 /* Menu.storyboard */; };
		64F079DD1E348029005331E0 /* MusicPlayer.storyboard in Resources */ = {isa = PBXBuildFile; fileRef = 64F079D51E348029005331E0 /* MusicPlayer.storyboard */; };
		64F079E31E3481D5005331E0 /* CityGuide.storyboard in Resources */ = {isa = PBXBuildFile; fileRef = 64F079E11E3481D5005331E0 /* CityGuide.storyboard */; };
		64F079E81E348217005331E0 /* City.m in Sources */ = {isa = PBXBuildFile; fileRef = 64F079E71E348217005331E0 /* City.m */; };
		64F079ED1E348492005331E0 /* CityCell.m in Sources */ = {isa = PBXBuildFile; fileRef = 64F079EC1E348492005331E0 /* CityCell.m */; };
		64F079F81E348759005331E0 /* UIKit+Hero.m in Sources */ = {isa = PBXBuildFile; fileRef = 64F079F71E348759005331E0 /* UIKit+Hero.m */; };
		64F079FB1E348AA2005331E0 /* HeroModifier.m in Sources */ = {isa = PBXBuildFile; fileRef = 64F079FA1E348AA2005331E0 /* HeroModifier.m */; };
		64F079FE1E348BAB005331E0 /* Hero.m in Sources */ = {isa = PBXBuildFile; fileRef = 64F079FD1E348BAB005331E0 /* Hero.m */; };
		64F07A011E348BCA005331E0 /* HeroContext.m in Sources */ = {isa = PBXBuildFile; fileRef = 64F07A001E348BCA005331E0 /* HeroContext.m */; };
		64F07A041E348C41005331E0 /* HeroPlugin.m in Sources */ = {isa = PBXBuildFile; fileRef = 64F07A031E348C41005331E0 /* HeroPlugin.m */; };
		64F07A071E348C5C005331E0 /* HeroTargetState.m in Sources */ = {isa = PBXBuildFile; fileRef = 64F07A061E348C5C005331E0 /* HeroTargetState.m */; };
		64F07A0A1E348C7A005331E0 /* HeroTypes.m in Sources */ = {isa = PBXBuildFile; fileRef = 64F07A091E348C7A005331E0 /* HeroTypes.m */; };
		64F07A0D1E348EDD005331E0 /* BasePreprocessor.m in Sources */ = {isa = PBXBuildFile; fileRef = 64F07A0C1E348EDD005331E0 /* BasePreprocessor.m */; };
		64F07A101E3608AF005331E0 /* NSArray+HeroModifier.m in Sources */ = {isa = PBXBuildFile; fileRef = 64F07A0F1E3608AF005331E0 /* NSArray+HeroModifier.m */; };
/* End PBXBuildFile section */

/* Begin PBXFileReference section */
		64F079941E346D94005331E0 /* Hero-ObjectiveC.app */ = {isa = PBXFileReference; explicitFileType = wrapper.application; includeInIndex = 0; path = "Hero-ObjectiveC.app"; sourceTree = BUILT_PRODUCTS_DIR; };
		64F079981E346D94005331E0 /* main.m */ = {isa = PBXFileReference; lastKnownFileType = sourcecode.c.objc; path = main.m; sourceTree = "<group>"; };
		64F0799A1E346D94005331E0 /* AppDelegate.h */ = {isa = PBXFileReference; lastKnownFileType = sourcecode.c.h; name = AppDelegate.h; path = "Hero-ObjectiveC/AppDelegate.h"; sourceTree = "<group>"; };
		64F0799B1E346D94005331E0 /* AppDelegate.m */ = {isa = PBXFileReference; lastKnownFileType = sourcecode.c.objc; name = AppDelegate.m; path = "Hero-ObjectiveC/AppDelegate.m"; sourceTree = "<group>"; };
		64F0799D1E346D94005331E0 /* InitialViewController.h */ = {isa = PBXFileReference; lastKnownFileType = sourcecode.c.h; path = InitialViewController.h; sourceTree = "<group>"; };
		64F0799E1E346D94005331E0 /* InitialViewController.m */ = {isa = PBXFileReference; lastKnownFileType = sourcecode.c.objc; path = InitialViewController.m; sourceTree = "<group>"; };
		64F079A11E346D94005331E0 /* Base */ = {isa = PBXFileReference; lastKnownFileType = file.storyboard; name = Base; path = Base.lproj/Main.storyboard; sourceTree = "<group>"; };
		64F079A31E346D94005331E0 /* Assets.xcassets */ = {isa = PBXFileReference; lastKnownFileType = folder.assetcatalog; name = Assets.xcassets; path = "Hero-ObjectiveC/Assets.xcassets"; sourceTree = "<group>"; };
		64F079A61E346D94005331E0 /* Base */ = {isa = PBXFileReference; lastKnownFileType = file.storyboard; name = Base; path = Base.lproj/LaunchScreen.storyboard; sourceTree = "<group>"; };
		64F079A81E346D94005331E0 /* Info.plist */ = {isa = PBXFileReference; lastKnownFileType = text.plist.xml; name = Info.plist; path = "Hero-ObjectiveC/Info.plist"; sourceTree = "<group>"; };
		64F079CB1E347BC1005331E0 /* UIKit+HeroExamples.h */ = {isa = PBXFileReference; fileEncoding = 4; lastKnownFileType = sourcecode.c.h; path = "UIKit+HeroExamples.h"; sourceTree = "<group>"; };
		64F079CC1E347BC1005331E0 /* UIKit+HeroExamples.m */ = {isa = PBXFileReference; fileEncoding = 4; lastKnownFileType = sourcecode.c.objc; path = "UIKit+HeroExamples.m"; sourceTree = "<group>"; };
		64F079D21E348029005331E0 /* Base */ = {isa = PBXFileReference; lastKnownFileType = file.storyboard; name = Base; path = Base.lproj/Basic.storyboard; sourceTree = "<group>"; };
		64F079D41E348029005331E0 /* Base */ = {isa = PBXFileReference; lastKnownFileType = file.storyboard; name = Base; path = Base.lproj/Menu.storyboard; sourceTree = "<group>"; };
		64F079D61E348029005331E0 /* Base */ = {isa = PBXFileReference; lastKnownFileType = file.storyboard; name = Base; path = Base.lproj/MusicPlayer.storyboard; sourceTree = "<group>"; };
		64F079E21E3481D5005331E0 /* Base */ = {isa = PBXFileReference; lastKnownFileType = file.storyboard; name = Base; path = Base.lproj/CityGuide.storyboard; sourceTree = "<group>"; };
		64F079E61E348217005331E0 /* City.h */ = {isa = PBXFileReference; fileEncoding = 4; lastKnownFileType = sourcecode.c.h; name = City.h; path = CityGuide/City.h; sourceTree = "<group>"; };
		64F079E71E348217005331E0 /* City.m */ = {isa = PBXFileReference; fileEncoding = 4; lastKnownFileType = sourcecode.c.objc; name = City.m; path = CityGuide/City.m; sourceTree = "<group>"; };
		64F079EB1E348492005331E0 /* CityCell.h */ = {isa = PBXFileReference; fileEncoding = 4; lastKnownFileType = sourcecode.c.h; name = CityCell.h; path = CityGuide/CityCell.h; sourceTree = "<group>"; };
		64F079EC1E348492005331E0 /* CityCell.m */ = {isa = PBXFileReference; fileEncoding = 4; lastKnownFileType = sourcecode.c.objc; name = CityCell.m; path = CityGuide/CityCell.m; sourceTree = "<group>"; };
		64F079F61E348759005331E0 /* UIKit+Hero.h */ = {isa = PBXFileReference; fileEncoding = 4; lastKnownFileType = sourcecode.c.h; name = "UIKit+Hero.h"; path = "Sources/UIKit+Hero.h"; sourceTree = "<group>"; };
		64F079F71E348759005331E0 /* UIKit+Hero.m */ = {isa = PBXFileReference; fileEncoding = 4; lastKnownFileType = sourcecode.c.objc; name = "UIKit+Hero.m"; path = "Sources/UIKit+Hero.m"; sourceTree = "<group>"; };
		64F079F91E348AA2005331E0 /* HeroModifier.h */ = {isa = PBXFileReference; fileEncoding = 4; lastKnownFileType = sourcecode.c.h; name = HeroModifier.h; path = Sources/HeroModifier.h; sourceTree = "<group>"; };
		64F079FA1E348AA2005331E0 /* HeroModifier.m */ = {isa = PBXFileReference; fileEncoding = 4; lastKnownFileType = sourcecode.c.objc; name = HeroModifier.m; path = Sources/HeroModifier.m; sourceTree = "<group>"; };
		64F079FC1E348BAB005331E0 /* Hero.h */ = {isa = PBXFileReference; fileEncoding = 4; lastKnownFileType = sourcecode.c.h; name = Hero.h; path = Sources/Hero.h; sourceTree = "<group>"; };
		64F079FD1E348BAB005331E0 /* Hero.m */ = {isa = PBXFileReference; fileEncoding = 4; lastKnownFileType = sourcecode.c.objc; name = Hero.m; path = Sources/Hero.m; sourceTree = "<group>"; };
		64F079FF1E348BCA005331E0 /* HeroContext.h */ = {isa = PBXFileReference; fileEncoding = 4; lastKnownFileType = sourcecode.c.h; name = HeroContext.h; path = Sources/HeroContext.h; sourceTree = "<group>"; };
		64F07A001E348BCA005331E0 /* HeroContext.m */ = {isa = PBXFileReference; fileEncoding = 4; lastKnownFileType = sourcecode.c.objc; name = HeroContext.m; path = Sources/HeroContext.m; sourceTree = "<group>"; };
		64F07A021E348C41005331E0 /* HeroPlugin.h */ = {isa = PBXFileReference; fileEncoding = 4; lastKnownFileType = sourcecode.c.h; name = HeroPlugin.h; path = Sources/HeroPlugin.h; sourceTree = "<group>"; };
		64F07A031E348C41005331E0 /* HeroPlugin.m */ = {isa = PBXFileReference; fileEncoding = 4; lastKnownFileType = sourcecode.c.objc; name = HeroPlugin.m; path = Sources/HeroPlugin.m; sourceTree = "<group>"; };
		64F07A051E348C5C005331E0 /* HeroTargetState.h */ = {isa = PBXFileReference; fileEncoding = 4; lastKnownFileType = sourcecode.c.h; name = HeroTargetState.h; path = Sources/HeroTargetState.h; sourceTree = "<group>"; };
		64F07A061E348C5C005331E0 /* HeroTargetState.m */ = {isa = PBXFileReference; fileEncoding = 4; lastKnownFileType = sourcecode.c.objc; name = HeroTargetState.m; path = Sources/HeroTargetState.m; sourceTree = "<group>"; };
		64F07A081E348C7A005331E0 /* HeroTypes.h */ = {isa = PBXFileReference; fileEncoding = 4; lastKnownFileType = sourcecode.c.h; name = HeroTypes.h; path = Sources/HeroTypes.h; sourceTree = "<group>"; };
		64F07A091E348C7A005331E0 /* HeroTypes.m */ = {isa = PBXFileReference; fileEncoding = 4; lastKnownFileType = sourcecode.c.objc; name = HeroTypes.m; path = Sources/HeroTypes.m; sourceTree = "<group>"; };
		64F07A0B1E348EDD005331E0 /* BasePreprocessor.h */ = {isa = PBXFileReference; fileEncoding = 4; lastKnownFileType = sourcecode.c.h; name = BasePreprocessor.h; path = Sources/BasePreprocessor.h; sourceTree = "<group>"; };
		64F07A0C1E348EDD005331E0 /* BasePreprocessor.m */ = {isa = PBXFileReference; fileEncoding = 4; lastKnownFileType = sourcecode.c.objc; name = BasePreprocessor.m; path = Sources/BasePreprocessor.m; sourceTree = "<group>"; };
		64F07A0E1E3608AF005331E0 /* NSArray+HeroModifier.h */ = {isa = PBXFileReference; fileEncoding = 4; lastKnownFileType = sourcecode.c.h; name = "NSArray+HeroModifier.h"; path = "Sources/NSArray+HeroModifier.h"; sourceTree = "<group>"; };
		64F07A0F1E3608AF005331E0 /* NSArray+HeroModifier.m */ = {isa = PBXFileReference; fileEncoding = 4; lastKnownFileType = sourcecode.c.objc; name = "NSArray+HeroModifier.m"; path = "Sources/NSArray+HeroModifier.m"; sourceTree = "<group>"; };
/* End PBXFileReference section */

/* Begin PBXFrameworksBuildPhase section */
		64F079911E346D94005331E0 /* Frameworks */ = {
			isa = PBXFrameworksBuildPhase;
			buildActionMask = 2147483647;
			files = (
			);
			runOnlyForDeploymentPostprocessing = 0;
		};
/* End PBXFrameworksBuildPhase section */

/* Begin PBXGroup section */
		64F0798B1E346D94005331E0 = {
			isa = PBXGroup;
			children = (
				64F079961E346D94005331E0 /* Hero-ObjectiveC */,
				64F079F01E348694005331E0 /* Hero */,
				64F079951E346D94005331E0 /* Products */,
			);
			sourceTree = "<group>";
		};
		64F079951E346D94005331E0 /* Products */ = {
			isa = PBXGroup;
			children = (
				64F079941E346D94005331E0 /* Hero-ObjectiveC.app */,
			);
			name = Products;
			sourceTree = "<group>";
		};
		64F079961E346D94005331E0 /* Hero-ObjectiveC */ = {
			isa = PBXGroup;
			children = (
				64F0799D1E346D94005331E0 /* InitialViewController.h */,
				64F0799E1E346D94005331E0 /* InitialViewController.m */,
				64F079A01E346D94005331E0 /* Main.storyboard */,
				64F079D01E34800B005331E0 /* Examples */,
				64F079CA1E347B75005331E0 /* Resources */,
				64F079971E346D94005331E0 /* Supporting Files */,
			);
			path = "Hero-ObjectiveC";
			sourceTree = "<group>";
		};
		64F079971E346D94005331E0 /* Supporting Files */ = {
			isa = PBXGroup;
			children = (
				64F079981E346D94005331E0 /* main.m */,
			);
			name = "Supporting Files";
			sourceTree = "<group>";
		};
		64F079CA1E347B75005331E0 /* Resources */ = {
			isa = PBXGroup;
			children = (
				64F0799A1E346D94005331E0 /* AppDelegate.h */,
				64F0799B1E346D94005331E0 /* AppDelegate.m */,
				64F079CB1E347BC1005331E0 /* UIKit+HeroExamples.h */,
				64F079CC1E347BC1005331E0 /* UIKit+HeroExamples.m */,
				64F079A31E346D94005331E0 /* Assets.xcassets */,
				64F079A51E346D94005331E0 /* LaunchScreen.storyboard */,
				64F079A81E346D94005331E0 /* Info.plist */,
			);
			name = Resources;
			path = ..;
			sourceTree = "<group>";
		};
		64F079D01E34800B005331E0 /* Examples */ = {
			isa = PBXGroup;
			children = (
				64F079D31E348029005331E0 /* Menu.storyboard */,
				64F079D51E348029005331E0 /* MusicPlayer.storyboard */,
				64F079D11E348029005331E0 /* Basic.storyboard */,
				64F079E01E3481BD005331E0 /* CityGuide */,
			);
			name = Examples;
			sourceTree = "<group>";
		};
		64F079E01E3481BD005331E0 /* CityGuide */ = {
			isa = PBXGroup;
			children = (
				64F079E11E3481D5005331E0 /* CityGuide.storyboard */,
				64F079E61E348217005331E0 /* City.h */,
				64F079E71E348217005331E0 /* City.m */,
				64F079EB1E348492005331E0 /* CityCell.h */,
				64F079EC1E348492005331E0 /* CityCell.m */,
			);
			name = CityGuide;
			sourceTree = "<group>";
		};
		64F079F01E348694005331E0 /* Hero */ = {
			isa = PBXGroup;
			children = (
				64F079FC1E348BAB005331E0 /* Hero.h */,
				64F079FD1E348BAB005331E0 /* Hero.m */,
				64F079F91E348AA2005331E0 /* HeroModifier.h */,
				64F079FA1E348AA2005331E0 /* HeroModifier.m */,
				64F079FF1E348BCA005331E0 /* HeroContext.h */,
				64F07A001E348BCA005331E0 /* HeroContext.m */,
				64F07A021E348C41005331E0 /* HeroPlugin.h */,
				64F07A031E348C41005331E0 /* HeroPlugin.m */,
				64F07A051E348C5C005331E0 /* HeroTargetState.h */,
				64F07A061E348C5C005331E0 /* HeroTargetState.m */,
				64F07A081E348C7A005331E0 /* HeroTypes.h */,
				64F07A091E348C7A005331E0 /* HeroTypes.m */,
				64F079F11E3486D5005331E0 /* Preprocessors */,
				64F079F41E3486FF005331E0 /* Animator */,
				64F079F31E3486F3005331E0 /* Debug Plugin */,
				64F079F21E3486DE005331E0 /* Extensions */,
			);
			name = Hero;
			sourceTree = "<group>";
		};
		64F079F11E3486D5005331E0 /* Preprocessors */ = {
			isa = PBXGroup;
			children = (
				64F07A0B1E348EDD005331E0 /* BasePreprocessor.h */,
				64F07A0C1E348EDD005331E0 /* BasePreprocessor.m */,
			);
			name = Preprocessors;
			sourceTree = "<group>";
		};
		64F079F21E3486DE005331E0 /* Extensions */ = {
			isa = PBXGroup;
			children = (
				64F079F61E348759005331E0 /* UIKit+Hero.h */,
				64F079F71E348759005331E0 /* UIKit+Hero.m */,
				64F07A0E1E3608AF005331E0 /* NSArray+HeroModifier.h */,
				64F07A0F1E3608AF005331E0 /* NSArray+HeroModifier.m */,
			);
			name = Extensions;
			sourceTree = "<group>";
		};
		64F079F31E3486F3005331E0 /* Debug Plugin */ = {
			isa = PBXGroup;
			children = (
			);
			name = "Debug Plugin";
			sourceTree = "<group>";
		};
		64F079F41E3486FF005331E0 /* Animator */ = {
			isa = PBXGroup;
			children = (
			);
			name = Animator;
			sourceTree = "<group>";
		};
/* End PBXGroup section */

/* Begin PBXNativeTarget section */
		64F079931E346D94005331E0 /* Hero-ObjectiveC */ = {
			isa = PBXNativeTarget;
			buildConfigurationList = 64F079C11E346D94005331E0 /* Build configuration list for PBXNativeTarget "Hero-ObjectiveC" */;
			buildPhases = (
				64F079901E346D94005331E0 /* Sources */,
				64F079911E346D94005331E0 /* Frameworks */,
				64F079921E346D94005331E0 /* Resources */,
			);
			buildRules = (
			);
			dependencies = (
			);
			name = "Hero-ObjectiveC";
			productName = "Hero-ObjectiveC";
			productReference = 64F079941E346D94005331E0 /* Hero-ObjectiveC.app */;
			productType = "com.apple.product-type.application";
		};
/* End PBXNativeTarget section */

/* Begin PBXProject section */
		64F0798C1E346D94005331E0 /* Project object */ = {
			isa = PBXProject;
			attributes = {
				LastUpgradeCheck = 0820;
				ORGANIZATIONNAME = luca;
				TargetAttributes = {
					64F079931E346D94005331E0 = {
						CreatedOnToolsVersion = 8.2.1;
						ProvisioningStyle = Automatic;
					};
				};
			};
			buildConfigurationList = 64F0798F1E346D94005331E0 /* Build configuration list for PBXProject "Hero-ObjectiveC" */;
			compatibilityVersion = "Xcode 3.2";
			developmentRegion = English;
			hasScannedForEncodings = 0;
			knownRegions = (
				en,
				Base,
			);
			mainGroup = 64F0798B1E346D94005331E0;
			productRefGroup = 64F079951E346D94005331E0 /* Products */;
			projectDirPath = "";
			projectRoot = "";
			targets = (
				64F079931E346D94005331E0 /* Hero-ObjectiveC */,
			);
		};
/* End PBXProject section */

/* Begin PBXResourcesBuildPhase section */
		64F079921E346D94005331E0 /* Resources */ = {
			isa = PBXResourcesBuildPhase;
			buildActionMask = 2147483647;
			files = (
				64F079DA1E348029005331E0 /* Menu.storyboard in Resources */,
				64F079E31E3481D5005331E0 /* CityGuide.storyboard in Resources */,
				64F079A71E346D94005331E0 /* LaunchScreen.storyboard in Resources */,
				64F079D71E348029005331E0 /* Basic.storyboard in Resources */,
				64F079A41E346D94005331E0 /* Assets.xcassets in Resources */,
				64F079A21E346D94005331E0 /* Main.storyboard in Resources */,
				64F079DD1E348029005331E0 /* MusicPlayer.storyboard in Resources */,
			);
			runOnlyForDeploymentPostprocessing = 0;
		};
/* End PBXResourcesBuildPhase section */

/* Begin PBXSourcesBuildPhase section */
		64F079901E346D94005331E0 /* Sources */ = {
			isa = PBXSourcesBuildPhase;
			buildActionMask = 2147483647;
			files = (
				64F079E81E348217005331E0 /* City.m in Sources */,
				64F07A041E348C41005331E0 /* HeroPlugin.m in Sources */,
				64F079F81E348759005331E0 /* UIKit+Hero.m in Sources */,
				64F0799F1E346D94005331E0 /* InitialViewController.m in Sources */,
				64F07A011E348BCA005331E0 /* HeroContext.m in Sources */,
				64F079CD1E347BC1005331E0 /* UIKit+HeroExamples.m in Sources */,
				64F07A071E348C5C005331E0 /* HeroTargetState.m in Sources */,
				64F079FE1E348BAB005331E0 /* Hero.m in Sources */,
				64F0799C1E346D94005331E0 /* AppDelegate.m in Sources */,
				64F079ED1E348492005331E0 /* CityCell.m in Sources */,
				64F079FB1E348AA2005331E0 /* HeroModifier.m in Sources */,
				64F07A0D1E348EDD005331E0 /* BasePreprocessor.m in Sources */,
				64F079991E346D94005331E0 /* main.m in Sources */,
				64F07A101E3608AF005331E0 /* NSArray+HeroModifier.m in Sources */,
				64F07A0A1E348C7A005331E0 /* HeroTypes.m in Sources */,
			);
			runOnlyForDeploymentPostprocessing = 0;
		};
/* End PBXSourcesBuildPhase section */

/* Begin PBXVariantGroup section */
		64F079A01E346D94005331E0 /* Main.storyboard */ = {
			isa = PBXVariantGroup;
			children = (
				64F079A11E346D94005331E0 /* Base */,
			);
			name = Main.storyboard;
			sourceTree = "<group>";
		};
		64F079A51E346D94005331E0 /* LaunchScreen.storyboard */ = {
			isa = PBXVariantGroup;
			children = (
				64F079A61E346D94005331E0 /* Base */,
			);
			name = LaunchScreen.storyboard;
			path = "Hero-ObjectiveC";
			sourceTree = "<group>";
		};
		64F079D11E348029005331E0 /* Basic.storyboard */ = {
			isa = PBXVariantGroup;
			children = (
				64F079D21E348029005331E0 /* Base */,
			);
			name = Basic.storyboard;
			sourceTree = "<group>";
		};
		64F079D31E348029005331E0 /* Menu.storyboard */ = {
			isa = PBXVariantGroup;
			children = (
				64F079D41E348029005331E0 /* Base */,
			);
			name = Menu.storyboard;
			sourceTree = "<group>";
		};
		64F079D51E348029005331E0 /* MusicPlayer.storyboard */ = {
			isa = PBXVariantGroup;
			children = (
				64F079D61E348029005331E0 /* Base */,
			);
			name = MusicPlayer.storyboard;
			sourceTree = "<group>";
		};
		64F079E11E3481D5005331E0 /* CityGuide.storyboard */ = {
			isa = PBXVariantGroup;
			children = (
				64F079E21E3481D5005331E0 /* Base */,
			);
			name = CityGuide.storyboard;
			sourceTree = "<group>";
		};
/* End PBXVariantGroup section */

/* Begin XCBuildConfiguration section */
		64F079BF1E346D94005331E0 /* Debug */ = {
			isa = XCBuildConfiguration;
			buildSettings = {
				ALWAYS_SEARCH_USER_PATHS = NO;
				CLANG_ANALYZER_NONNULL = YES;
				CLANG_CXX_LANGUAGE_STANDARD = "gnu++0x";
				CLANG_CXX_LIBRARY = "libc++";
				CLANG_ENABLE_MODULES = YES;
				CLANG_ENABLE_OBJC_ARC = YES;
				CLANG_WARN_BOOL_CONVERSION = YES;
				CLANG_WARN_CONSTANT_CONVERSION = YES;
				CLANG_WARN_DIRECT_OBJC_ISA_USAGE = YES_ERROR;
				CLANG_WARN_DOCUMENTATION_COMMENTS = YES;
				CLANG_WARN_EMPTY_BODY = YES;
				CLANG_WARN_ENUM_CONVERSION = YES;
				CLANG_WARN_INFINITE_RECURSION = YES;
				CLANG_WARN_INT_CONVERSION = YES;
				CLANG_WARN_OBJC_ROOT_CLASS = YES_ERROR;
				CLANG_WARN_SUSPICIOUS_MOVE = YES;
				CLANG_WARN_UNREACHABLE_CODE = YES;
				CLANG_WARN__DUPLICATE_METHOD_MATCH = YES;
				"CODE_SIGN_IDENTITY[sdk=iphoneos*]" = "iPhone Developer";
				COPY_PHASE_STRIP = NO;
				DEBUG_INFORMATION_FORMAT = dwarf;
				ENABLE_STRICT_OBJC_MSGSEND = YES;
				ENABLE_TESTABILITY = YES;
				GCC_C_LANGUAGE_STANDARD = gnu99;
				GCC_DYNAMIC_NO_PIC = NO;
				GCC_NO_COMMON_BLOCKS = YES;
				GCC_OPTIMIZATION_LEVEL = 0;
				GCC_PREPROCESSOR_DEFINITIONS = (
					"DEBUG=1",
					"$(inherited)",
				);
				GCC_WARN_64_TO_32_BIT_CONVERSION = YES;
				GCC_WARN_ABOUT_RETURN_TYPE = YES_ERROR;
				GCC_WARN_UNDECLARED_SELECTOR = YES;
				GCC_WARN_UNINITIALIZED_AUTOS = YES_AGGRESSIVE;
				GCC_WARN_UNUSED_FUNCTION = YES;
				GCC_WARN_UNUSED_VARIABLE = YES;
				IPHONEOS_DEPLOYMENT_TARGET = 10.2;
				MTL_ENABLE_DEBUG_INFO = YES;
				ONLY_ACTIVE_ARCH = YES;
				SDKROOT = iphoneos;
				TARGETED_DEVICE_FAMILY = "1,2";
			};
			name = Debug;
		};
		64F079C01E346D94005331E0 /* Release */ = {
			isa = XCBuildConfiguration;
			buildSettings = {
				ALWAYS_SEARCH_USER_PATHS = NO;
				CLANG_ANALYZER_NONNULL = YES;
				CLANG_CXX_LANGUAGE_STANDARD = "gnu++0x";
				CLANG_CXX_LIBRARY = "libc++";
				CLANG_ENABLE_MODULES = YES;
				CLANG_ENABLE_OBJC_ARC = YES;
				CLANG_WARN_BOOL_CONVERSION = YES;
				CLANG_WARN_CONSTANT_CONVERSION = YES;
				CLANG_WARN_DIRECT_OBJC_ISA_USAGE = YES_ERROR;
				CLANG_WARN_DOCUMENTATION_COMMENTS = YES;
				CLANG_WARN_EMPTY_BODY = YES;
				CLANG_WARN_ENUM_CONVERSION = YES;
				CLANG_WARN_INFINITE_RECURSION = YES;
				CLANG_WARN_INT_CONVERSION = YES;
				CLANG_WARN_OBJC_ROOT_CLASS = YES_ERROR;
				CLANG_WARN_SUSPICIOUS_MOVE = YES;
				CLANG_WARN_UNREACHABLE_CODE = YES;
				CLANG_WARN__DUPLICATE_METHOD_MATCH = YES;
				"CODE_SIGN_IDENTITY[sdk=iphoneos*]" = "iPhone Developer";
				COPY_PHASE_STRIP = NO;
				DEBUG_INFORMATION_FORMAT = "dwarf-with-dsym";
				ENABLE_NS_ASSERTIONS = NO;
				ENABLE_STRICT_OBJC_MSGSEND = YES;
				GCC_C_LANGUAGE_STANDARD = gnu99;
				GCC_NO_COMMON_BLOCKS = YES;
				GCC_WARN_64_TO_32_BIT_CONVERSION = YES;
				GCC_WARN_ABOUT_RETURN_TYPE = YES_ERROR;
				GCC_WARN_UNDECLARED_SELECTOR = YES;
				GCC_WARN_UNINITIALIZED_AUTOS = YES_AGGRESSIVE;
				GCC_WARN_UNUSED_FUNCTION = YES;
				GCC_WARN_UNUSED_VARIABLE = YES;
				IPHONEOS_DEPLOYMENT_TARGET = 10.2;
				MTL_ENABLE_DEBUG_INFO = NO;
				SDKROOT = iphoneos;
				TARGETED_DEVICE_FAMILY = "1,2";
				VALIDATE_PRODUCT = YES;
			};
			name = Release;
		};
		64F079C21E346D94005331E0 /* Debug */ = {
			isa = XCBuildConfiguration;
			buildSettings = {
				ASSETCATALOG_COMPILER_APPICON_NAME = AppIcon;
				DEVELOPMENT_TEAM = "";
				INFOPLIST_FILE = "Hero-ObjectiveC/Info.plist";
				IPHONEOS_DEPLOYMENT_TARGET = 8.0;
				LD_RUNPATH_SEARCH_PATHS = "$(inherited) @executable_path/Frameworks";
				PRODUCT_BUNDLE_IDENTIFIER = "luca.Hero-ObjectiveC";
				PRODUCT_NAME = "$(TARGET_NAME)";
			};
			name = Debug;
		};
		64F079C31E346D94005331E0 /* Release */ = {
			isa = XCBuildConfiguration;
			buildSettings = {
				ASSETCATALOG_COMPILER_APPICON_NAME = AppIcon;
				DEVELOPMENT_TEAM = "";
				INFOPLIST_FILE = "Hero-ObjectiveC/Info.plist";
				IPHONEOS_DEPLOYMENT_TARGET = 8.0;
				LD_RUNPATH_SEARCH_PATHS = "$(inherited) @executable_path/Frameworks";
				PRODUCT_BUNDLE_IDENTIFIER = "luca.Hero-ObjectiveC";
				PRODUCT_NAME = "$(TARGET_NAME)";
			};
			name = Release;
		};
/* End XCBuildConfiguration section */

/* Begin XCConfigurationList section */
		64F0798F1E346D94005331E0 /* Build configuration list for PBXProject "Hero-ObjectiveC" */ = {
			isa = XCConfigurationList;
			buildConfigurations = (
				64F079BF1E346D94005331E0 /* Debug */,
				64F079C01E346D94005331E0 /* Release */,
			);
			defaultConfigurationIsVisible = 0;
			defaultConfigurationName = Release;
		};
		64F079C11E346D94005331E0 /* Build configuration list for PBXNativeTarget "Hero-ObjectiveC" */ = {
			isa = XCConfigurationList;
			buildConfigurations = (
				64F079C21E346D94005331E0 /* Debug */,
				64F079C31E346D94005331E0 /* Release */,
			);
			defaultConfigurationIsVisible = 0;
			defaultConfigurationName = Release;
		};
/* End XCConfigurationList section */
	};
	rootObject = 64F0798C1E346D94005331E0 /* Project object */;
}
